
Microsoft Visual Studio Solution File, Format Version 12.00
# Visual Studio Version 16
VisualStudioVersion = 16.0.30204.135
MinimumVisualStudioVersion = 10.0.40219.1
Project("{FAE04EC0-301F-11D3-BF4B-00C04F79EFBC}") = "HelloWorld.UWP", "HelloWorld.UWP\HelloWorld.UWP.csproj", "{BB9BBA83-FA6C-400A-BDF9-0E572C0D792F}"
EndProject
Project("{FAE04EC0-301F-11D3-BF4B-00C04F79EFBC}") = "HelloWorld.Android", "HelloWorld.Android\HelloWorld.Android.csproj", "{B264271E-D608-4286-8280-03B50A69662F}"
EndProject
Project("{FAE04EC0-301F-11D3-BF4B-00C04F79EFBC}") = "HelloWorld.iOS", "HelloWorld.iOS\HelloWorld.iOS.csproj", "{2FAD5524-D787-48CC-A953-1D776F217CE1}"
EndProject
Project("{9A19103F-16F7-4668-BE54-9A1E7A4F7556}") = "HelloWorld", "HelloWorld\HelloWorld.csproj", "{9FC934BB-72D9-4644-906B-AED69B6765CE}"
EndProject
Global
	GlobalSection(SolutionConfigurationPlatforms) = preSolution
		Debug|Any CPU = Debug|Any CPU
		Debug|ARM = Debug|ARM
		Debug|iPhone = Debug|iPhone
		Debug|iPhoneSimulator = Debug|iPhoneSimulator
		Debug|x64 = Debug|x64
		Debug|x86 = Debug|x86
		Release|Any CPU = Release|Any CPU
		Release|ARM = Release|ARM
		Release|iPhone = Release|iPhone
		Release|iPhoneSimulator = Release|iPhoneSimulator
		Release|x64 = Release|x64
		Release|x86 = Release|x86
	EndGlobalSection
	GlobalSection(ProjectConfigurationPlatforms) = postSolution
		{BB9BBA83-FA6C-400A-BDF9-0E572C0D792F}.Debug|Any CPU.ActiveCfg = Debug|x86
		{BB9BBA83-FA6C-400A-BDF9-0E572C0D792F}.Debug|Any CPU.Build.0 = Debug|x86
		{BB9BBA83-FA6C-400A-BDF9-0E572C0D792F}.Debug|Any CPU.Deploy.0 = Debug|x86
		{BB9BBA83-FA6C-400A-BDF9-0E572C0D792F}.Debug|ARM.ActiveCfg = Debug|ARM
		{BB9BBA83-FA6C-400A-BDF9-0E572C0D792F}.Debug|ARM.Build.0 = Debug|ARM
		{BB9BBA83-FA6C-400A-BDF9-0E572C0D792F}.Debug|ARM.Deploy.0 = Debug|ARM
		{BB9BBA83-FA6C-400A-BDF9-0E572C0D792F}.Debug|iPhone.ActiveCfg = Debug|x86
		{BB9BBA83-FA6C-400A-BDF9-0E572C0D792F}.Debug|iPhone.Build.0 = Debug|x86
		{BB9BBA83-FA6C-400A-BDF9-0E572C0D792F}.Debug|iPhone.Deploy.0 = Debug|x86
		{BB9BBA83-FA6C-400A-BDF9-0E572C0D792F}.Debug|iPhoneSimulator.ActiveCfg = Debug|x86
		{BB9BBA83-FA6C-400A-BDF9-0E572C0D792F}.Debug|iPhoneSimulator.Build.0 = Debug|x86
		{BB9BBA83-FA6C-400A-BDF9-0E572C0D792F}.Debug|iPhoneSimulator.Deploy.0 = Debug|x86
		{BB9BBA83-FA6C-400A-BDF9-0E572C0D792F}.Debug|x64.ActiveCfg = Debug|x64
		{BB9BBA83-FA6C-400A-BDF9-0E572C0D792F}.Debug|x64.Build.0 = Debug|x64
		{BB9BBA83-FA6C-400A-BDF9-0E572C0D792F}.Debug|x64.Deploy.0 = Debug|x64
		{BB9BBA83-FA6C-400A-BDF9-0E572C0D792F}.Debug|x86.ActiveCfg = Debug|x86
		{BB9BBA83-FA6C-400A-BDF9-0E572C0D792F}.Debug|x86.Build.0 = Debug|x86
		{BB9BBA83-FA6C-400A-BDF9-0E572C0D792F}.Debug|x86.Deploy.0 = Debug|x86
		{BB9BBA83-FA6C-400A-BDF9-0E572C0D792F}.Release|Any CPU.ActiveCfg = Release|x86
		{BB9BBA83-FA6C-400A-BDF9-0E572C0D792F}.Release|Any CPU.Build.0 = Release|x86
		{BB9BBA83-FA6C-400A-BDF9-0E572C0D792F}.Release|Any CPU.Deploy.0 = Release|x86
		{BB9BBA83-FA6C-400A-BDF9-0E572C0D792F}.Release|ARM.ActiveCfg = Release|ARM
		{BB9BBA83-FA6C-400A-BDF9-0E572C0D792F}.Release|ARM.Build.0 = Release|ARM
		{BB9BBA83-FA6C-400A-BDF9-0E572C0D792F}.Release|ARM.Deploy.0 = Release|ARM
		{BB9BBA83-FA6C-400A-BDF9-0E572C0D792F}.Release|iPhone.ActiveCfg = Release|x86
		{BB9BBA83-FA6C-400A-BDF9-0E572C0D792F}.Release|iPhone.Build.0 = Release|x86
		{BB9BBA83-FA6C-400A-BDF9-0E572C0D792F}.Release|iPhone.Deploy.0 = Release|x86
		{BB9BBA83-FA6C-400A-BDF9-0E572C0D792F}.Release|iPhoneSimulator.ActiveCfg = Release|x86
		{BB9BBA83-FA6C-400A-BDF9-0E572C0D792F}.Release|iPhoneSimulator.Build.0 = Release|x86
		{BB9BBA83-FA6C-400A-BDF9-0E572C0D792F}.Release|iPhoneSimulator.Deploy.0 = Release|x86
		{BB9BBA83-FA6C-400A-BDF9-0E572C0D792F}.Release|x64.ActiveCfg = Release|x64
		{BB9BBA83-FA6C-400A-BDF9-0E572C0D792F}.Release|x64.Build.0 = Release|x64
		{BB9BBA83-FA6C-400A-BDF9-0E572C0D792F}.Release|x64.Deploy.0 = Release|x64
		{BB9BBA83-FA6C-400A-BDF9-0E572C0D792F}.Release|x86.ActiveCfg = Release|x86
		{BB9BBA83-FA6C-400A-BDF9-0E572C0D792F}.Release|x86.Build.0 = Release|x86
		{BB9BBA83-FA6C-400A-BDF9-0E572C0D792F}.Release|x86.Deploy.0 = Release|x86
		{B264271E-D608-4286-8280-03B50A69662F}.Debug|Any CPU.ActiveCfg = Debug|Any CPU
		{B264271E-D608-4286-8280-03B50A69662F}.Debug|Any CPU.Build.0 = Debug|Any CPU
		{B264271E-D608-4286-8280-03B50A69662F}.Debug|Any CPU.Deploy.0 = Debug|Any CPU
		{B264271E-D608-4286-8280-03B50A69662F}.Debug|ARM.ActiveCfg = Debug|Any CPU
		{B264271E-D608-4286-8280-03B50A69662F}.Debug|ARM.Build.0 = Debug|Any CPU
		{B264271E-D608-4286-8280-03B50A69662F}.Debug|ARM.Deploy.0 = Debug|Any CPU
		{B264271E-D608-4286-8280-03B50A69662F}.Debug|iPhone.ActiveCfg = Debug|Any CPU
		{B264271E-D608-4286-8280-03B50A69662F}.Debug|iPhone.Build.0 = Debug|Any CPU
		{B264271E-D608-4286-8280-03B50A69662F}.Debug|iPhone.Deploy.0 = Debug|Any CPU
		{B264271E-D608-4286-8280-03B50A69662F}.Debug|iPhoneSimulator.ActiveCfg = Debug|Any CPU
		{B264271E-D608-4286-8280-03B50A69662F}.Debug|iPhoneSimulator.Build.0 = Debug|Any CPU
		{B264271E-D608-4286-8280-03B50A69662F}.Debug|iPhoneSimulator.Deploy.0 = Debug|Any CPU
		{B264271E-D608-4286-8280-03B50A69662F}.Debug|x64.ActiveCfg = Debug|Any CPU
		{B264271E-D608-4286-8280-03B50A69662F}.Debug|x64.Build.0 = Debug|Any CPU
		{B264271E-D608-4286-8280-03B50A69662F}.Debug|x64.Deploy.0 = Debug|Any CPU
		{B264271E-D608-4286-8280-03B50A69662F}.Debug|x86.ActiveCfg = Debug|Any CPU
		{B264271E-D608-4286-8280-03B50A69662F}.Debug|x86.Build.0 = Debug|Any CPU
		{B264271E-D608-4286-8280-03B50A69662F}.Debug|x86.Deploy.0 = Debug|Any CPU
		{B264271E-D608-4286-8280-03B50A69662F}.Release|Any CPU.ActiveCfg = Release|Any CPU
		{B264271E-D608-4286-8280-03B50A69662F}.Release|Any CPU.Build.0 = Release|Any CPU
		{B264271E-D608-4286-8280-03B50A69662F}.Release|Any CPU.Deploy.0 = Release|Any CPU
		{B264271E-D608-4286-8280-03B50A69662F}.Release|ARM.ActiveCfg = Release|Any CPU
		{B264271E-D608-4286-8280-03B50A69662F}.Release|ARM.Build.0 = Release|Any CPU
		{B264271E-D608-4286-8280-03B50A69662F}.Release|ARM.Deploy.0 = Release|Any CPU
		{B264271E-D608-4286-8280-03B50A69662F}.Release|iPhone.ActiveCfg = Release|Any CPU
		{B264271E-D608-4286-8280-03B50A69662F}.Release|iPhone.Build.0 = Release|Any CPU
		{B264271E-D608-4286-8280-03B50A69662F}.Release|iPhone.Deploy.0 = Release|Any CPU
		{B264271E-D608-4286-8280-03B50A69662F}.Release|iPhoneSimulator.ActiveCfg = Release|Any CPU
		{B264271E-D608-4286-8280-03B50A69662F}.Release|iPhoneSimulator.Build.0 = Release|Any CPU
		{B264271E-D608-4286-8280-03B50A69662F}.Release|iPhoneSimulator.Deploy.0 = Release|Any CPU
		{B264271E-D608-4286-8280-03B50A69662F}.Release|x64.ActiveCfg = Release|Any CPU
		{B264271E-D608-4286-8280-03B50A69662F}.Release|x64.Build.0 = Release|Any CPU
		{B264271E-D608-4286-8280-03B50A69662F}.Release|x64.Deploy.0 = Release|Any CPU
		{B264271E-D608-4286-8280-03B50A69662F}.Release|x86.ActiveCfg = Release|Any CPU
		{B264271E-D608-4286-8280-03B50A69662F}.Release|x86.Build.0 = Release|Any CPU
		{B264271E-D608-4286-8280-03B50A69662F}.Release|x86.Deploy.0 = Release|Any CPU
		{2FAD5524-D787-48CC-A953-1D776F217CE1}.Debug|Any CPU.ActiveCfg = Debug|iPhone
		{2FAD5524-D787-48CC-A953-1D776F217CE1}.Debug|Any CPU.Build.0 = Debug|iPhone
		{2FAD5524-D787-48CC-A953-1D776F217CE1}.Debug|Any CPU.Deploy.0 = Debug|iPhone
		{2FAD5524-D787-48CC-A953-1D776F217CE1}.Debug|ARM.ActiveCfg = Debug|iPhone
		{2FAD5524-D787-48CC-A953-1D776F217CE1}.Debug|ARM.Build.0 = Debug|iPhone
		{2FAD5524-D787-48CC-A953-1D776F217CE1}.Debug|ARM.Deploy.0 = Debug|iPhone
		{2FAD5524-D787-48CC-A953-1D776F217CE1}.Debug|iPhone.ActiveCfg = Debug|iPhone
		{2FAD5524-D787-48CC-A953-1D776F217CE1}.Debug|iPhone.Build.0 = Debug|iPhone
		{2FAD5524-D787-48CC-A953-1D776F217CE1}.Debug|iPhone.Deploy.0 = Debug|iPhone
		{2FAD5524-D787-48CC-A953-1D776F217CE1}.Debug|iPhoneSimulator.ActiveCfg = Debug|iPhoneSimulator
		{2FAD5524-D787-48CC-A953-1D776F217CE1}.Debug|iPhoneSimulator.Build.0 = Debug|iPhoneSimulator
		{2FAD5524-D787-48CC-A953-1D776F217CE1}.Debug|iPhoneSimulator.Deploy.0 = Debug|iPhoneSimulator
		{2FAD5524-D787-48CC-A953-1D776F217CE1}.Debug|x64.ActiveCfg = Debug|iPhone
		{2FAD5524-D787-48CC-A953-1D776F217CE1}.Debug|x64.Build.0 = Debug|iPhone
		{2FAD5524-D787-48CC-A953-1D776F217CE1}.Debug|x64.Deploy.0 = Debug|iPhone
		{2FAD5524-D787-48CC-A953-1D776F217CE1}.Debug|x86.ActiveCfg = Debug|iPhone
		{2FAD5524-D787-48CC-A953-1D776F217CE1}.Debug|x86.Build.0 = Debug|iPhone
		{2FAD5524-D787-48CC-A953-1D776F217CE1}.Debug|x86.Deploy.0 = Debug|iPhone
		{2FAD5524-D787-48CC-A953-1D776F217CE1}.Release|Any CPU.ActiveCfg = Release|iPhone
		{2FAD5524-D787-48CC-A953-1D776F217CE1}.Release|Any CPU.Build.0 = Release|iPhone
		{2FAD5524-D787-48CC-A953-1D776F217CE1}.Release|Any CPU.Deploy.0 = Release|iPhone
		{2FAD5524-D787-48CC-A953-1D776F217CE1}.Release|ARM.ActiveCfg = Release|iPhone
		{2FAD5524-D787-48CC-A953-1D776F217CE1}.Release|ARM.Build.0 = Release|iPhone
		{2FAD5524-D787-48CC-A953-1D776F217CE1}.Release|ARM.Deploy.0 = Release|iPhone
		{2FAD5524-D787-48CC-A953-1D776F217CE1}.Release|iPhone.ActiveCfg = Release|iPhone
		{2FAD5524-D787-48CC-A953-1D776F217CE1}.Release|iPhone.Build.0 = Release|iPhone
		{2FAD5524-D787-48CC-A953-1D776F217CE1}.Release|iPhone.Deploy.0 = Release|iPhone
		{2FAD5524-D787-48CC-A953-1D776F217CE1}.Release|iPhoneSimulator.ActiveCfg = Release|iPhoneSimulator
		{2FAD5524-D787-48CC-A953-1D776F217CE1}.Release|iPhoneSimulator.Build.0 = Release|iPhoneSimulator
		{2FAD5524-D787-48CC-A953-1D776F217CE1}.Release|iPhoneSimulator.Deploy.0 = Release|iPhoneSimulator
		{2FAD5524-D787-48CC-A953-1D776F217CE1}.Release|x64.ActiveCfg = Release|iPhone
		{2FAD5524-D787-48CC-A953-1D776F217CE1}.Release|x64.Build.0 = Release|iPhone
		{2FAD5524-D787-48CC-A953-1D776F217CE1}.Release|x64.Deploy.0 = Release|iPhone
		{2FAD5524-D787-48CC-A953-1D776F217CE1}.Release|x86.ActiveCfg = Release|iPhone
		{2FAD5524-D787-48CC-A953-1D776F217CE1}.Release|x86.Build.0 = Release|iPhone
		{2FAD5524-D787-48CC-A953-1D776F217CE1}.Release|x86.Deploy.0 = Release|iPhone
		{9FC934BB-72D9-4644-906B-AED69B6765CE}.Debug|Any CPU.ActiveCfg = Debug|Any CPU
		{9FC934BB-72D9-4644-906B-AED69B6765CE}.Debug|Any CPU.Build.0 = Debug|Any CPU
		{9FC934BB-72D9-4644-906B-AED69B6765CE}.Debug|Any CPU.Deploy.0 = Debug|Any CPU
		{9FC934BB-72D9-4644-906B-AED69B6765CE}.Debug|ARM.ActiveCfg = Debug|Any CPU
		{9FC934BB-72D9-4644-906B-AED69B6765CE}.Debug|ARM.Build.0 = Debug|Any CPU
		{9FC934BB-72D9-4644-906B-AED69B6765CE}.Debug|ARM.Deploy.0 = Debug|Any CPU
		{9FC934BB-72D9-4644-906B-AED69B6765CE}.Debug|iPhone.ActiveCfg = Debug|Any CPU
		{9FC934BB-72D9-4644-906B-AED69B6765CE}.Debug|iPhone.Build.0 = Debug|Any CPU
		{9FC934BB-72D9-4644-906B-AED69B6765CE}.Debug|iPhone.Deploy.0 = Debug|Any CPU
		{9FC934BB-72D9-4644-906B-AED69B6765CE}.Debug|iPhoneSimulator.ActiveCfg = Debug|Any CPU
		{9FC934BB-72D9-4644-906B-AED69B6765CE}.Debug|iPhoneSimulator.Build.0 = Debug|Any CPU
		{9FC934BB-72D9-4644-906B-AED69B6765CE}.Debug|iPhoneSimulator.Deploy.0 = Debug|Any CPU
		{9FC934BB-72D9-4644-906B-AED69B6765CE}.Debug|x64.ActiveCfg = Debug|Any CPU
		{9FC934BB-72D9-4644-906B-AED69B6765CE}.Debug|x64.Build.0 = Debug|Any CPU
		{9FC934BB-72D9-4644-906B-AED69B6765CE}.Debug|x64.Deploy.0 = Debug|Any CPU
		{9FC934BB-72D9-4644-906B-AED69B6765CE}.Debug|x86.ActiveCfg = Debug|Any CPU
		{9FC934BB-72D9-4644-906B-AED69B6765CE}.Debug|x86.Build.0 = Debug|Any CPU
		{9FC934BB-72D9-4644-906B-AED69B6765CE}.Debug|x86.Deploy.0 = Debug|Any CPU
		{9FC934BB-72D9-4644-906B-AED69B6765CE}.Release|Any CPU.ActiveCfg = Release|Any CPU
		{9FC934BB-72D9-4644-906B-AED69B6765CE}.Release|Any CPU.Build.0 = Release|Any CPU
		{9FC934BB-72D9-4644-906B-AED69B6765CE}.Release|Any CPU.Deploy.0 = Release|Any CPU
		{9FC934BB-72D9-4644-906B-AED69B6765CE}.Release|ARM.ActiveCfg = Release|Any CPU
		{9FC934BB-72D9-4644-906B-AED69B6765CE}.Release|ARM.Build.0 = Release|Any CPU
		{9FC934BB-72D9-4644-906B-AED69B6765CE}.Release|ARM.Deploy.0 = Release|Any CPU
		{9FC934BB-72D9-4644-906B-AED69B6765CE}.Release|iPhone.ActiveCfg = Release|Any CPU
		{9FC934BB-72D9-4644-906B-AED69B6765CE}.Release|iPhone.Build.0 = Release|Any CPU
		{9FC934BB-72D9-4644-906B-AED69B6765CE}.Release|iPhone.Deploy.0 = Release|Any CPU
		{9FC934BB-72D9-4644-906B-AED69B6765CE}.Release|iPhoneSimulator.ActiveCfg = Release|Any CPU
		{9FC934BB-72D9-4644-906B-AED69B6765CE}.Release|iPhoneSimulator.Build.0 = Release|Any CPU
		{9FC934BB-72D9-4644-906B-AED69B6765CE}.Release|iPhoneSimulator.Deploy.0 = Release|Any CPU
		{9FC934BB-72D9-4644-906B-AED69B6765CE}.Release|x64.ActiveCfg = Release|Any CPU
		{9FC934BB-72D9-4644-906B-AED69B6765CE}.Release|x64.Build.0 = Release|Any CPU
		{9FC934BB-72D9-4644-906B-AED69B6765CE}.Release|x64.Deploy.0 = Release|Any CPU
		{9FC934BB-72D9-4644-906B-AED69B6765CE}.Release|x86.ActiveCfg = Release|Any CPU
		{9FC934BB-72D9-4644-906B-AED69B6765CE}.Release|x86.Build.0 = Release|Any CPU
		{9FC934BB-72D9-4644-906B-AED69B6765CE}.Release|x86.Deploy.0 = Release|Any CPU
	EndGlobalSection
	GlobalSection(SolutionProperties) = preSolution
		HideSolutionNode = FALSE
	EndGlobalSection
	GlobalSection(ExtensibilityGlobals) = postSolution
		SolutionGuid = {9431E8D1-F79B-43D0-98F5-0C5D80B5D6B6}
	EndGlobalSection
EndGlobal
